
Microsoft Visual Studio Solution File, Format Version 12.00
# Visual Studio Version 17
VisualStudioVersion = 17.2.32616.157
MinimumVisualStudioVersion = 10.0.40219.1
Project("{FAE04EC0-301F-11D3-BF4B-00C04F79EFBC}") = "HelloWindow", "HelloWindow.csproj", "{40FACBAC-059C-47CE-AEDD-DCCCB7459633}"
EndProject
Global
	GlobalSection(SolutionConfigurationPlatforms) = preSolution
		Debug|Any CPU = Debug|Any CPU
		Release|Any CPU = Release|Any CPU
	EndGlobalSection
	GlobalSection(ProjectConfigurationPlatforms) = postSolution
		{40FACBAC-059C-47CE-AEDD-DCCCB7459633}.Debug|Any CPU.ActiveCfg = Debug|Any CPU
		{40FACBAC-059C-47CE-AEDD-DCCCB7459633}.Debug|Any CPU.Build.0 = Debug|Any CPU
		{40FACBAC-059C-47CE-AEDD-DCCCB7459633}.Release|Any CPU.ActiveCfg = Release|Any CPU
		{40FACBAC-059C-47CE-AEDD-DCCCB7459633}.Release|Any CPU.Build.0 = Release|Any CPU
	EndGlobalSection
	GlobalSection(SolutionProperties) = preSolution
		HideSolutionNode = FALSE
	EndGlobalSection
	GlobalSection(ExtensibilityGlobals) = postSolution
		SolutionGuid = {6BAE10AE-B2CA-4097-B1AC-3F59D1A6474F}
	EndGlobalSection
EndGlobal
